// !$*UTF8*$!
{
	archiveVersion = 1;
	classes = {
	};
	objectVersion = 46;
	objects = {

/* Begin PBXBuildFile section */
		2C59DAE51BB4635700D2670A /* AppDelegate.swift in Sources */ = {isa = PBXBuildFile; fileRef = 2C59DAE41BB4635700D2670A /* AppDelegate.swift */; };
		2C59DAE71BB4635700D2670A /* ViewController.swift in Sources */ = {isa = PBXBuildFile; fileRef = 2C59DAE61BB4635700D2670A /* ViewController.swift */; };
		2C59DAEA1BB4635700D2670A /* Main.storyboard in Resources */ = {isa = PBXBuildFile; fileRef = 2C59DAE81BB4635700D2670A /* Main.storyboard */; };
		2C59DAEC1BB4635700D2670A /* Assets.xcassets in Resources */ = {isa = PBXBuildFile; fileRef = 2C59DAEB1BB4635700D2670A /* Assets.xcassets */; };
		2C59DAEF1BB4635700D2670A /* LaunchScreen.storyboard in Resources */ = {isa = PBXBuildFile; fileRef = 2C59DAED1BB4635700D2670A /* LaunchScreen.storyboard */; };
		2C59DAFA1BB4635700D2670A /* FencerTests.swift in Sources */ = {isa = PBXBuildFile; fileRef = 2C59DAF91BB4635700D2670A /* FencerTests.swift */; };
		2C59DB051BB4635700D2670A /* FencerUITests.swift in Sources */ = {isa = PBXBuildFile; fileRef = 2C59DB041BB4635700D2670A /* FencerUITests.swift */; };
/* End PBXBuildFile section */

/* Begin PBXContainerItemProxy section */
		2C59DAF61BB4635700D2670A /* PBXContainerItemProxy */ = {
			isa = PBXContainerItemProxy;
			containerPortal = 2C59DAD91BB4635700D2670A /* Project object */;
			proxyType = 1;
			remoteGlobalIDString = 2C59DAE01BB4635700D2670A;
			remoteInfo = Fencer;
		};
		2C59DB011BB4635700D2670A /* PBXContainerItemProxy */ = {
			isa = PBXContainerItemProxy;
			containerPortal = 2C59DAD91BB4635700D2670A /* Project object */;
			proxyType = 1;
			remoteGlobalIDString = 2C59DAE01BB4635700D2670A;
			remoteInfo = Fencer;
		};
/* End PBXContainerItemProxy section */

/* Begin PBXFileReference section */
		2C59DAE11BB4635700D2670A /* Fencer.app */ = {isa = PBXFileReference; explicitFileType = wrapper.application; includeInIndex = 0; path = Fencer.app; sourceTree = BUILT_PRODUCTS_DIR; };
		2C59DAE41BB4635700D2670A /* AppDelegate.swift */ = {isa = PBXFileReference; lastKnownFileType = sourcecode.swift; path = AppDelegate.swift; sourceTree = "<group>"; };
		2C59DAE61BB4635700D2670A /* ViewController.swift */ = {isa = PBXFileReference; lastKnownFileType = sourcecode.swift; path = ViewController.swift; sourceTree = "<group>"; };
		2C59DAE91BB4635700D2670A /* Base */ = {isa = PBXFileReference; lastKnownFileType = file.storyboard; name = Base; path = Base.lproj/Main.storyboard; sourceTree = "<group>"; };
		2C59DAEB1BB4635700D2670A /* Assets.xcassets */ = {isa = PBXFileReference; lastKnownFileType = folder.assetcatalog; path = Assets.xcassets; sourceTree = "<group>"; };
		2C59DAEE1BB4635700D2670A /* Base */ = {isa = PBXFileReference; lastKnownFileType = file.storyboard; name = Base; path = Base.lproj/LaunchScreen.storyboard; sourceTree = "<group>"; };
		2C59DAF01BB4635700D2670A /* Info.plist */ = {isa = PBXFileReference; lastKnownFileType = text.plist.xml; path = Info.plist; sourceTree = "<group>"; };
		2C59DAF51BB4635700D2670A /* FencerTests.xctest */ = {isa = PBXFileReference; explicitFileType = wrapper.cfbundle; includeInIndex = 0; path = FencerTests.xctest; sourceTree = BUILT_PRODUCTS_DIR; };
		2C59DAF91BB4635700D2670A /* FencerTests.swift */ = {isa = PBXFileReference; lastKnownFileType = sourcecode.swift; path = FencerTests.swift; sourceTree = "<group>"; };
		2C59DAFB1BB4635700D2670A /* Info.plist */ = {isa = PBXFileReference; lastKnownFileType = text.plist.xml; path = Info.plist; sourceTree = "<group>"; };
		2C59DB001BB4635700D2670A /* FencerUITests.xctest */ = {isa = PBXFileReference; explicitFileType = wrapper.cfbundle; includeInIndex = 0; path = FencerUITests.xctest; sourceTree = BUILT_PRODUCTS_DIR; };
		2C59DB041BB4635700D2670A /* FencerUITests.swift */ = {isa = PBXFileReference; lastKnownFileType = sourcecode.swift; path = FencerUITests.swift; sourceTree = "<group>"; };
		2C59DB061BB4635700D2670A /* Info.plist */ = {isa = PBXFileReference; lastKnownFileType = text.plist.xml; path = Info.plist; sourceTree = "<group>"; };
/* End PBXFileReference section */

/* Begin PBXFrameworksBuildPhase section */
		2C59DADE1BB4635700D2670A /* Frameworks */ = {
			isa = PBXFrameworksBuildPhase;
			buildActionMask = 2147483647;
			files = (
			);
			runOnlyForDeploymentPostprocessing = 0;
		};
		2C59DAF21BB4635700D2670A /* Frameworks */ = {
			isa = PBXFrameworksBuildPhase;
			buildActionMask = 2147483647;
			files = (
			);
			runOnlyForDeploymentPostprocessing = 0;
		};
		2C59DAFD1BB4635700D2670A /* Frameworks */ = {
			isa = PBXFrameworksBuildPhase;
			buildActionMask = 2147483647;
			files = (
			);
			runOnlyForDeploymentPostprocessing = 0;
		};
/* End PBXFrameworksBuildPhase section */

/* Begin PBXGroup section */
		2C59DAD81BB4635700D2670A = {
			isa = PBXGroup;
			children = (
				2C59DAE31BB4635700D2670A /* Fencer */,
				2C59DAF81BB4635700D2670A /* FencerTests */,
				2C59DB031BB4635700D2670A /* FencerUITests */,
				2C59DAE21BB4635700D2670A /* Products */,
			);
			sourceTree = "<group>";
		};
		2C59DAE21BB4635700D2670A /* Products */ = {
			isa = PBXGroup;
			children = (
				2C59DAE11BB4635700D2670A /* Fencer.app */,
				2C59DAF51BB4635700D2670A /* FencerTests.xctest */,
				2C59DB001BB4635700D2670A /* FencerUITests.xctest */,
			);
			name = Products;
			sourceTree = "<group>";
		};
		2C59DAE31BB4635700D2670A /* Fencer */ = {
			isa = PBXGroup;
			children = (
				2C59DAE41BB4635700D2670A /* AppDelegate.swift */,
				2C59DAE61BB4635700D2670A /* ViewController.swift */,
				2C59DAE81BB4635700D2670A /* Main.storyboard */,
				2C59DAEB1BB4635700D2670A /* Assets.xcassets */,
				2C59DAED1BB4635700D2670A /* LaunchScreen.storyboard */,
				2C59DAF01BB4635700D2670A /* Info.plist */,
			);
			path = Fencer;
			sourceTree = "<group>";
		};
		2C59DAF81BB4635700D2670A /* FencerTests */ = {
			isa = PBXGroup;
			children = (
				2C59DAF91BB4635700D2670A /* FencerTests.swift */,
				2C59DAFB1BB4635700D2670A /* Info.plist */,
			);
			path = FencerTests;
			sourceTree = "<group>";
		};
		2C59DB031BB4635700D2670A /* FencerUITests */ = {
			isa = PBXGroup;
			children = (
				2C59DB041BB4635700D2670A /* FencerUITests.swift */,
				2C59DB061BB4635700D2670A /* Info.plist */,
			);
			path = FencerUITests;
			sourceTree = "<group>";
		};
/* End PBXGroup section */

/* Begin PBXNativeTarget section */
		2C59DAE01BB4635700D2670A /* Fencer */ = {
			isa = PBXNativeTarget;
			buildConfigurationList = 2C59DB091BB4635700D2670A /* Build configuration list for PBXNativeTarget "Fencer" */;
			buildPhases = (
				2C59DADD1BB4635700D2670A /* Sources */,
				2C59DADE1BB4635700D2670A /* Frameworks */,
				2C59DADF1BB4635700D2670A /* Resources */,
			);
			buildRules = (
			);
			dependencies = (
			);
			name = Fencer;
			productName = Fencer;
			productReference = 2C59DAE11BB4635700D2670A /* Fencer.app */;
			productType = "com.apple.product-type.application";
		};
		2C59DAF41BB4635700D2670A /* FencerTests */ = {
			isa = PBXNativeTarget;
			buildConfigurationList = 2C59DB0C1BB4635700D2670A /* Build configuration list for PBXNativeTarget "FencerTests" */;
			buildPhases = (
				2C59DAF11BB4635700D2670A /* Sources */,
				2C59DAF21BB4635700D2670A /* Frameworks */,
				2C59DAF31BB4635700D2670A /* Resources */,
			);
			buildRules = (
			);
			dependencies = (
				2C59DAF71BB4635700D2670A /* PBXTargetDependency */,
			);
			name = FencerTests;
			productName = FencerTests;
			productReference = 2C59DAF51BB4635700D2670A /* FencerTests.xctest */;
			productType = "com.apple.product-type.bundle.unit-test";
		};
		2C59DAFF1BB4635700D2670A /* FencerUITests */ = {
			isa = PBXNativeTarget;
			buildConfigurationList = 2C59DB0F1BB4635700D2670A /* Build configuration list for PBXNativeTarget "FencerUITests" */;
			buildPhases = (
				2C59DAFC1BB4635700D2670A /* Sources */,
				2C59DAFD1BB4635700D2670A /* Frameworks */,
				2C59DAFE1BB4635700D2670A /* Resources */,
			);
			buildRules = (
			);
			dependencies = (
				2C59DB021BB4635700D2670A /* PBXTargetDependency */,
			);
			name = FencerUITests;
			productName = FencerUITests;
			productReference = 2C59DB001BB4635700D2670A /* FencerUITests.xctest */;
			productType = "com.apple.product-type.bundle.ui-testing";
		};
/* End PBXNativeTarget section */

/* Begin PBXProject section */
		2C59DAD91BB4635700D2670A /* Project object */ = {
			isa = PBXProject;
			attributes = {
				LastUpgradeCheck = 0700;
				ORGANIZATIONNAME = jixueyi;
				TargetAttributes = {
					2C59DAE01BB4635700D2670A = {
						CreatedOnToolsVersion = 7.0;
					};
					2C59DAF41BB4635700D2670A = {
						CreatedOnToolsVersion = 7.0;
						TestTargetID = 2C59DAE01BB4635700D2670A;
					};
					2C59DAFF1BB4635700D2670A = {
						CreatedOnToolsVersion = 7.0;
						TestTargetID = 2C59DAE01BB4635700D2670A;
					};
				};
			};
			buildConfigurationList = 2C59DADC1BB4635700D2670A /* Build configuration list for PBXProject "Fencer" */;
			compatibilityVersion = "Xcode 3.2";
			developmentRegion = English;
			hasScannedForEncodings = 0;
			knownRegions = (
				en,
				Base,
			);
			mainGroup = 2C59DAD81BB4635700D2670A;
			productRefGroup = 2C59DAE21BB4635700D2670A /* Products */;
			projectDirPath = "";
			projectRoot = "";
			targets = (
				2C59DAE01BB4635700D2670A /* Fencer */,
				2C59DAF41BB4635700D2670A /* FencerTests */,
				2C59DAFF1BB4635700D2670A /* FencerUITests */,
			);
		};
/* End PBXProject section */

/* Begin PBXResourcesBuildPhase section */
		2C59DADF1BB4635700D2670A /* Resources */ = {
			isa = PBXResourcesBuildPhase;
			buildActionMask = 2147483647;
			files = (
				2C59DAEF1BB4635700D2670A /* LaunchScreen.storyboard in Resources */,
				2C59DAEC1BB4635700D2670A /* Assets.xcassets in Resources */,
				2C59DAEA1BB4635700D2670A /* Main.storyboard in Resources */,
			);
			runOnlyForDeploymentPostprocessing = 0;
		};
		2C59DAF31BB4635700D2670A /* Resources */ = {
			isa = PBXResourcesBuildPhase;
			buildActionMask = 2147483647;
			files = (
			);
			runOnlyForDeploymentPostprocessing = 0;
		};
		2C59DAFE1BB4635700D2670A /* Resources */ = {
			isa = PBXResourcesBuildPhase;
			buildActionMask = 2147483647;
			files = (
			);
			runOnlyForDeploymentPostprocessing = 0;
		};
/* End PBXResourcesBuildPhase section */

/* Begin PBXSourcesBuildPhase section */
		2C59DADD1BB4635700D2670A /* Sources */ = {
			isa = PBXSourcesBuildPhase;
			buildActionMask = 2147483647;
			files = (
				2C59DAE71BB4635700D2670A /* ViewController.swift in Sources */,
				2C59DAE51BB4635700D2670A /* AppDelegate.swift in Sources */,
			);
			runOnlyForDeploymentPostprocessing = 0;
		};
		2C59DAF11BB4635700D2670A /* Sources */ = {
			isa = PBXSourcesBuildPhase;
			buildActionMask = 2147483647;
			files = (
				2C59DAFA1BB4635700D2670A /* FencerTests.swift in Sources */,
			);
			runOnlyForDeploymentPostprocessing = 0;
		};
		2C59DAFC1BB4635700D2670A /* Sources */ = {
			isa = PBXSourcesBuildPhase;
			buildActionMask = 2147483647;
			files = (
				2C59DB051BB4635700D2670A /* FencerUITests.swift in Sources */,
			);
			runOnlyForDeploymentPostprocessing = 0;
		};
/* End PBXSourcesBuildPhase section */

/* Begin PBXTargetDependency section */
		2C59DAF71BB4635700D2670A /* PBXTargetDependency */ = {
			isa = PBXTargetDependency;
			target = 2C59DAE01BB4635700D2670A /* Fencer */;
			targetProxy = 2C59DAF61BB4635700D2670A /* PBXContainerItemProxy */;
		};
		2C59DB021BB4635700D2670A /* PBXTargetDependency */ = {
			isa = PBXTargetDependency;
			target = 2C59DAE01BB4635700D2670A /* Fencer */;
			targetProxy = 2C59DB011BB4635700D2670A /* PBXContainerItemProxy */;
		};
/* End PBXTargetDependency section */

/* Begin PBXVariantGroup section */
		2C59DAE81BB4635700D2670A /* Main.storyboard */ = {
			isa = PBXVariantGroup;
			children = (
				2C59DAE91BB4635700D2670A /* Base */,
			);
			name = Main.storyboard;
			sourceTree = "<group>";
		};
		2C59DAED1BB4635700D2670A /* LaunchScreen.storyboard */ = {
			isa = PBXVariantGroup;
			children = (
				2C59DAEE1BB4635700D2670A /* Base */,
			);
			name = LaunchScreen.storyboard;
			sourceTree = "<group>";
		};
/* End PBXVariantGroup section */

/* Begin XCBuildConfiguration section */
		2C59DB071BB4635700D2670A /* Debug */ = {
			isa = XCBuildConfiguration;
			buildSettings = {
				ALWAYS_SEARCH_USER_PATHS = NO;
				CLANG_CXX_LANGUAGE_STANDARD = "gnu++0x";
				CLANG_CXX_LIBRARY = "libc++";
				CLANG_ENABLE_MODULES = YES;
				CLANG_ENABLE_OBJC_ARC = YES;
				CLANG_WARN_BOOL_CONVERSION = YES;
				CLANG_WARN_CONSTANT_CONVERSION = YES;
				CLANG_WARN_DIRECT_OBJC_ISA_USAGE = YES_ERROR;
				CLANG_WARN_EMPTY_BODY = YES;
				CLANG_WARN_ENUM_CONVERSION = YES;
				CLANG_WARN_INT_CONVERSION = YES;
				CLANG_WARN_OBJC_ROOT_CLASS = YES_ERROR;
				CLANG_WARN_UNREACHABLE_CODE = YES;
				CLANG_WARN__DUPLICATE_METHOD_MATCH = YES;
				"CODE_SIGN_IDENTITY[sdk=iphoneos*]" = "iPhone Developer";
				COPY_PHASE_STRIP = NO;
				DEBUG_INFORMATION_FORMAT = dwarf;
				ENABLE_STRICT_OBJC_MSGSEND = YES;
				ENABLE_TESTABILITY = YES;
				GCC_C_LANGUAGE_STANDARD = gnu99;
				GCC_DYNAMIC_NO_PIC = NO;
				GCC_NO_COMMON_BLOCKS = YES;
				GCC_OPTIMIZATION_LEVEL = 0;
				GCC_PREPROCESSOR_DEFINITIONS = (
					"DEBUG=1",
					"$(inherited)",
				);
				GCC_WARN_64_TO_32_BIT_CONVERSION = YES;
				GCC_WARN_ABOUT_RETURN_TYPE = YES_ERROR;
				GCC_WARN_UNDECLARED_SELECTOR = YES;
				GCC_WARN_UNINITIALIZED_AUTOS = YES_AGGRESSIVE;
				GCC_WARN_UNUSED_FUNCTION = YES;
				GCC_WARN_UNUSED_VARIABLE = YES;
				IPHONEOS_DEPLOYMENT_TARGET = 9.0;
				MTL_ENABLE_DEBUG_INFO = YES;
				ONLY_ACTIVE_ARCH = YES;
				SDKROOT = iphoneos;
				SWIFT_OPTIMIZATION_LEVEL = "-Onone";
			};
			name = Debug;
		};
		2C59DB081BB4635700D2670A /* Release */ = {
			isa = XCBuildConfiguration;
			buildSettings = {
				ALWAYS_SEARCH_USER_PATHS = NO;
				CLANG_CXX_LANGUAGE_STANDARD = "gnu++0x";
				CLANG_CXX_LIBRARY = "libc++";
				CLANG_ENABLE_MODULES = YES;
				CLANG_ENABLE_OBJC_ARC = YES;
				CLANG_WARN_BOOL_CONVERSION = YES;
				CLANG_WARN_CONSTANT_CONVERSION = YES;
				CLANG_WARN_DIRECT_OBJC_ISA_USAGE = YES_ERROR;
				CLANG_WARN_EMPTY_BODY = YES;
				CLANG_WARN_ENUM_CONVERSION = YES;
				CLANG_WARN_INT_CONVERSION = YES;
				CLANG_WARN_OBJC_ROOT_CLASS = YES_ERROR;
				CLANG_WARN_UNREACHABLE_CODE = YES;
				CLANG_WARN__DUPLICATE_METHOD_MATCH = YES;
				"CODE_SIGN_IDENTITY[sdk=iphoneos*]" = "iPhone Developer";
				COPY_PHASE_STRIP = NO;
				DEBUG_INFORMATION_FORMAT = "dwarf-with-dsym";
				ENABLE_NS_ASSERTIONS = NO;
				ENABLE_STRICT_OBJC_MSGSEND = YES;
				GCC_C_LANGUAGE_STANDARD = gnu99;
				GCC_NO_COMMON_BLOCKS = YES;
				GCC_WARN_64_TO_32_BIT_CONVERSION = YES;
				GCC_WARN_ABOUT_RETURN_TYPE = YES_ERROR;
				GCC_WARN_UNDECLARED_SELECTOR = YES;
				GCC_WARN_UNINITIALIZED_AUTOS = YES_AGGRESSIVE;
				GCC_WARN_UNUSED_FUNCTION = YES;
				GCC_WARN_UNUSED_VARIABLE = YES;
				IPHONEOS_DEPLOYMENT_TARGET = 9.0;
				MTL_ENABLE_DEBUG_INFO = NO;
				SDKROOT = iphoneos;
				VALIDATE_PRODUCT = YES;
			};
			name = Release;
		};
		2C59DB0A1BB4635700D2670A /* Debug */ = {
			isa = XCBuildConfiguration;
			buildSettings = {
				ASSETCATALOG_COMPILER_APPICON_NAME = AppIcon;
				INFOPLIST_FILE = Fencer/Info.plist;
				LD_RUNPATH_SEARCH_PATHS = "$(inherited) @executable_path/Frameworks";
				PRODUCT_BUNDLE_IDENTIFIER = com.jixueyi.Fencer;
				PRODUCT_NAME = "$(TARGET_NAME)";
			};
			name = Debug;
		};
		2C59DB0B1BB4635700D2670A /* Release */ = {
			isa = XCBuildConfiguration;
			buildSettings = {
				ASSETCATALOG_COMPILER_APPICON_NAME = AppIcon;
				INFOPLIST_FILE = Fencer/Info.plist;
				LD_RUNPATH_SEARCH_PATHS = "$(inherited) @executable_path/Frameworks";
				PRODUCT_BUNDLE_IDENTIFIER = com.jixueyi.Fencer;
				PRODUCT_NAME = "$(TARGET_NAME)";
			};
			name = Release;
		};
		2C59DB0D1BB4635700D2670A /* Debug */ = {
			isa = XCBuildConfiguration;
			buildSettings = {
				BUNDLE_LOADER = "$(TEST_HOST)";
				INFOPLIST_FILE = FencerTests/Info.plist;
				LD_RUNPATH_SEARCH_PATHS = "$(inherited) @executable_path/Frameworks @loader_path/Frameworks";
				PRODUCT_BUNDLE_IDENTIFIER = com.jixueyi.FencerTests;
				PRODUCT_NAME = "$(TARGET_NAME)";
				TEST_HOST = "$(BUILT_PRODUCTS_DIR)/Fencer.app/Fencer";
			};
			name = Debug;
		};
		2C59DB0E1BB4635700D2670A /* Release */ = {
			isa = XCBuildConfiguration;
			buildSettings = {
				BUNDLE_LOADER = "$(TEST_HOST)";
				INFOPLIST_FILE = FencerTests/Info.plist;
				LD_RUNPATH_SEARCH_PATHS = "$(inherited) @executable_path/Frameworks @loader_path/Frameworks";
				PRODUCT_BUNDLE_IDENTIFIER = com.jixueyi.FencerTests;
				PRODUCT_NAME = "$(TARGET_NAME)";
				TEST_HOST = "$(BUILT_PRODUCTS_DIR)/Fencer.app/Fencer";
			};
			name = Release;
		};
		2C59DB101BB4635700D2670A /* Debug */ = {
			isa = XCBuildConfiguration;
			buildSettings = {
				INFOPLIST_FILE = FencerUITests/Info.plist;
				LD_RUNPATH_SEARCH_PATHS = "$(inherited) @executable_path/Frameworks @loader_path/Frameworks";
				PRODUCT_BUNDLE_IDENTIFIER = com.jixueyi.FencerUITests;
				PRODUCT_NAME = "$(TARGET_NAME)";
				TEST_TARGET_NAME = Fencer;
				USES_XCTRUNNER = YES;
			};
			name = Debug;
		};
		2C59DB111BB4635700D2670A /* Release */ = {
			isa = XCBuildConfiguration;
			buildSettings = {
				INFOPLIST_FILE = FencerUITests/Info.plist;
				LD_RUNPATH_SEARCH_PATHS = "$(inherited) @executable_path/Frameworks @loader_path/Frameworks";
				PRODUCT_BUNDLE_IDENTIFIER = com.jixueyi.FencerUITests;
				PRODUCT_NAME = "$(TARGET_NAME)";
				TEST_TARGET_NAME = Fencer;
				USES_XCTRUNNER = YES;
			};
			name = Release;
		};
/* End XCBuildConfiguration section */

/* Begin XCConfigurationList section */
		2C59DADC1BB4635700D2670A /* Build configuration list for PBXProject "Fencer" */ = {
			isa = XCConfigurationList;
			buildConfigurations = (
				2C59DB071BB4635700D2670A /* Debug */,
				2C59DB081BB4635700D2670A /* Release */,
			);
			defaultConfigurationIsVisible = 0;
			defaultConfigurationName = Release;
		};
		2C59DB091BB4635700D2670A /* Build configuration list for PBXNativeTarget "Fencer" */ = {
			isa = XCConfigurationList;
			buildConfigurations = (
				2C59DB0A1BB4635700D2670A /* Debug */,
				2C59DB0B1BB4635700D2670A /* Release */,
			);
			defaultConfigurationIsVisible = 0;
		};
		2C59DB0C1BB4635700D2670A /* Build configuration list for PBXNativeTarget "FencerTests" */ = {
			isa = XCConfigurationList;
			buildConfigurations = (
				2C59DB0D1BB4635700D2670A /* Debug */,
				2C59DB0E1BB4635700D2670A /* Release */,
			);
			defaultConfigurationIsVisible = 0;
		};
		2C59DB0F1BB4635700D2670A /* Build configuration list for PBXNativeTarget "FencerUITests" */ = {
			isa = XCConfigurationList;
			buildConfigurations = (
				2C59DB101BB4635700D2670A /* Debug */,
				2C59DB111BB4635700D2670A /* Release */,
			);
			defaultConfigurationIsVisible = 0;
		};
/* End XCConfigurationList section */
	};
	rootObject = 2C59DAD91BB4635700D2670A /* Project object */;
}
